
Microsoft Visual Studio Solution File, Format Version 12.00
# Visual Studio Version 17
VisualStudioVersion = 17.11.35208.52
MinimumVisualStudioVersion = 10.0.40219.1
Project("{9A19103F-16F7-4668-BE54-9A1E7A4F7556}") = "BookStoreApi", "WebApplication1\BookStoreApi.csproj", "{95EB6A76-F9F6-425B-B208-BF060834C9B7}"
EndProject
Project("{FAE04EC0-301F-11D3-BF4B-00C04F79EFBC}") = "BookStoreApi.Tests", "BookStoreApi.Tests\BookStoreApi.Tests.csproj", "{D2C2AC61-C3FC-4737-BA65-4A0C02F28A73}"
EndProject
Global
	GlobalSection(SolutionConfigurationPlatforms) = preSolution
		Debug|Any CPU = Debug|Any CPU
		Release|Any CPU = Release|Any CPU
	EndGlobalSection
	GlobalSection(ProjectConfigurationPlatforms) = postSolution
		{95EB6A76-F9F6-425B-B208-BF060834C9B7}.Debug|Any CPU.ActiveCfg = Debug|Any CPU
		{95EB6A76-F9F6-425B-B208-BF060834C9B7}.Debug|Any CPU.Build.0 = Debug|Any CPU
		{95EB6A76-F9F6-425B-B208-BF060834C9B7}.Release|Any CPU.ActiveCfg = Release|Any CPU
		{95EB6A76-F9F6-425B-B208-BF060834C9B7}.Release|Any CPU.Build.0 = Release|Any CPU
		{D2C2AC61-C3FC-4737-BA65-4A0C02F28A73}.Debug|Any CPU.ActiveCfg = Debug|Any CPU
		{D2C2AC61-C3FC-4737-BA65-4A0C02F28A73}.Debug|Any CPU.Build.0 = Debug|Any CPU
		{D2C2AC61-C3FC-4737-BA65-4A0C02F28A73}.Release|Any CPU.ActiveCfg = Release|Any CPU
		{D2C2AC61-C3FC-4737-BA65-4A0C02F28A73}.Release|Any CPU.Build.0 = Release|Any CPU
	EndGlobalSection
	GlobalSection(SolutionProperties) = preSolution
		HideSolutionNode = FALSE
	EndGlobalSection
	GlobalSection(ExtensibilityGlobals) = postSolution
		SolutionGuid = {B938595F-9D03-4545-AE58-5952E7B7EBC2}
	EndGlobalSection
EndGlobal
